
Microsoft Visual Studio Solution File, Format Version 12.00
# Visual Studio Version 17
VisualStudioVersion = 17.5.002.0
MinimumVisualStudioVersion = 10.0.40219.1
Project("{9A19103F-16F7-4668-BE54-9A1E7A4F7556}") = "Sandbox Gmod CSS", "Sandbox Gmod CSS.csproj", "{4FE0A10F-C211-44CA-B62E-3BE0549B4899}"
EndProject
Global
	GlobalSection(SolutionConfigurationPlatforms) = preSolution
		Debug|Any CPU = Debug|Any CPU
		Release|Any CPU = Release|Any CPU
	EndGlobalSection
	GlobalSection(ProjectConfigurationPlatforms) = postSolution
		{4FE0A10F-C211-44CA-B62E-3BE0549B4899}.Debug|Any CPU.ActiveCfg = Debug|Any CPU
		{4FE0A10F-C211-44CA-B62E-3BE0549B4899}.Debug|Any CPU.Build.0 = Debug|Any CPU
		{4FE0A10F-C211-44CA-B62E-3BE0549B4899}.Release|Any CPU.ActiveCfg = Release|Any CPU
		{4FE0A10F-C211-44CA-B62E-3BE0549B4899}.Release|Any CPU.Build.0 = Release|Any CPU
	EndGlobalSection
	GlobalSection(SolutionProperties) = preSolution
		HideSolutionNode = FALSE
	EndGlobalSection
	GlobalSection(ExtensibilityGlobals) = postSolution
		SolutionGuid = {19907358-2FCA-443C-8494-599833AEE125}
	EndGlobalSection
EndGlobal
